
Microsoft Visual Studio Solution File, Format Version 11.00
# Visual Studio 2010
Project("{8BC9CEB8-8B4A-11D0-8D11-00A0C91BC942}") = "game-engine-architecture-tut0", "game-engine-architecture-tut0\game-engine-architecture-tut0.vcxproj", "{CC383586-E86F-4BCD-B0DF-73F80F982E69}"
EndProject
Project("{8BC9CEB8-8B4A-11D0-8D11-00A0C91BC942}") = "recursivity", "recursivity\recursivity.vcxproj", "{B030EE3F-C9A7-4D25-B606-7853A41A44DB}"
EndProject
Project("{8BC9CEB8-8B4A-11D0-8D11-00A0C91BC942}") = "pointers", "pointers\pointers.vcxproj", "{5DF79B77-9B02-4598-8FE5-CB0585C4E11F}"
EndProject
Project("{8BC9CEB8-8B4A-11D0-8D11-00A0C91BC942}") = "cout_cin", "cout_cin\cout_cin.vcxproj", "{0128F7F8-D58C-4A76-A1F5-B0BE782752EE}"
EndProject
Project("{8BC9CEB8-8B4A-11D0-8D11-00A0C91BC942}") = "dynamic_memory", "dynamic_memory\dynamic_memory.vcxproj", "{74BF6198-4D10-4A8D-84B8-3761CA41262F}"
EndProject
Project("{8BC9CEB8-8B4A-11D0-8D11-00A0C91BC942}") = "structures", "structures\structures.vcxproj", "{DCE1F3C6-8002-4A4C-8ABD-2BFD3806D83A}"
EndProject
Project("{8BC9CEB8-8B4A-11D0-8D11-00A0C91BC942}") = "classes", "classes\classes.vcxproj", "{015DB7B0-3A66-4C5C-97ED-ABC4BBFEA1DC}"
EndProject
Project("{8BC9CEB8-8B4A-11D0-8D11-00A0C91BC942}") = "overloading_operators", "overloading_operators\overloading_operators.vcxproj", "{0A09FF0B-B763-4AFD-88AC-E5AB854E8C71}"
EndProject
Project("{8BC9CEB8-8B4A-11D0-8D11-00A0C91BC942}") = "static", "static\static.vcxproj", "{40EE434A-0265-411D-9AB8-542B95F89E06}"
EndProject
Project("{8BC9CEB8-8B4A-11D0-8D11-00A0C91BC942}") = "inheritance", "inheritance\inheritance.vcxproj", "{EAA0224E-D508-49EF-8DE4-1488A7950736}"
EndProject
Global
	GlobalSection(SolutionConfigurationPlatforms) = preSolution
		Debug|Win32 = Debug|Win32
		Release|Win32 = Release|Win32
	EndGlobalSection
	GlobalSection(ProjectConfigurationPlatforms) = postSolution
		{CC383586-E86F-4BCD-B0DF-73F80F982E69}.Debug|Win32.ActiveCfg = Debug|Win32
		{CC383586-E86F-4BCD-B0DF-73F80F982E69}.Debug|Win32.Build.0 = Debug|Win32
		{CC383586-E86F-4BCD-B0DF-73F80F982E69}.Release|Win32.ActiveCfg = Release|Win32
		{CC383586-E86F-4BCD-B0DF-73F80F982E69}.Release|Win32.Build.0 = Release|Win32
		{B030EE3F-C9A7-4D25-B606-7853A41A44DB}.Debug|Win32.ActiveCfg = Debug|Win32
		{B030EE3F-C9A7-4D25-B606-7853A41A44DB}.Debug|Win32.Build.0 = Debug|Win32
		{B030EE3F-C9A7-4D25-B606-7853A41A44DB}.Release|Win32.ActiveCfg = Release|Win32
		{B030EE3F-C9A7-4D25-B606-7853A41A44DB}.Release|Win32.Build.0 = Release|Win32
		{5DF79B77-9B02-4598-8FE5-CB0585C4E11F}.Debug|Win32.ActiveCfg = Debug|Win32
		{5DF79B77-9B02-4598-8FE5-CB0585C4E11F}.Debug|Win32.Build.0 = Debug|Win32
		{5DF79B77-9B02-4598-8FE5-CB0585C4E11F}.Release|Win32.ActiveCfg = Release|Win32
		{5DF79B77-9B02-4598-8FE5-CB0585C4E11F}.Release|Win32.Build.0 = Release|Win32
		{0128F7F8-D58C-4A76-A1F5-B0BE782752EE}.Debug|Win32.ActiveCfg = Debug|Win32
		{0128F7F8-D58C-4A76-A1F5-B0BE782752EE}.Debug|Win32.Build.0 = Debug|Win32
		{0128F7F8-D58C-4A76-A1F5-B0BE782752EE}.Release|Win32.ActiveCfg = Release|Win32
		{0128F7F8-D58C-4A76-A1F5-B0BE782752EE}.Release|Win32.Build.0 = Release|Win32
		{74BF6198-4D10-4A8D-84B8-3761CA41262F}.Debug|Win32.ActiveCfg = Debug|Win32
		{74BF6198-4D10-4A8D-84B8-3761CA41262F}.Debug|Win32.Build.0 = Debug|Win32
		{74BF6198-4D10-4A8D-84B8-3761CA41262F}.Release|Win32.ActiveCfg = Release|Win32
		{74BF6198-4D10-4A8D-84B8-3761CA41262F}.Release|Win32.Build.0 = Release|Win32
		{DCE1F3C6-8002-4A4C-8ABD-2BFD3806D83A}.Debug|Win32.ActiveCfg = Debug|Win32
		{DCE1F3C6-8002-4A4C-8ABD-2BFD3806D83A}.Debug|Win32.Build.0 = Debug|Win32
		{DCE1F3C6-8002-4A4C-8ABD-2BFD3806D83A}.Release|Win32.ActiveCfg = Release|Win32
		{DCE1F3C6-8002-4A4C-8ABD-2BFD3806D83A}.Release|Win32.Build.0 = Release|Win32
		{015DB7B0-3A66-4C5C-97ED-ABC4BBFEA1DC}.Debug|Win32.ActiveCfg = Debug|Win32
		{015DB7B0-3A66-4C5C-97ED-ABC4BBFEA1DC}.Debug|Win32.Build.0 = Debug|Win32
		{015DB7B0-3A66-4C5C-97ED-ABC4BBFEA1DC}.Release|Win32.ActiveCfg = Release|Win32
		{015DB7B0-3A66-4C5C-97ED-ABC4BBFEA1DC}.Release|Win32.Build.0 = Release|Win32
		{0A09FF0B-B763-4AFD-88AC-E5AB854E8C71}.Debug|Win32.ActiveCfg = Debug|Win32
		{0A09FF0B-B763-4AFD-88AC-E5AB854E8C71}.Debug|Win32.Build.0 = Debug|Win32
		{0A09FF0B-B763-4AFD-88AC-E5AB854E8C71}.Release|Win32.ActiveCfg = Release|Win32
		{0A09FF0B-B763-4AFD-88AC-E5AB854E8C71}.Release|Win32.Build.0 = Release|Win32
		{40EE434A-0265-411D-9AB8-542B95F89E06}.Debug|Win32.ActiveCfg = Debug|Win32
		{40EE434A-0265-411D-9AB8-542B95F89E06}.Debug|Win32.Build.0 = Debug|Win32
		{40EE434A-0265-411D-9AB8-542B95F89E06}.Release|Win32.ActiveCfg = Release|Win32
		{40EE434A-0265-411D-9AB8-542B95F89E06}.Release|Win32.Build.0 = Release|Win32
		{EAA0224E-D508-49EF-8DE4-1488A7950736}.Debug|Win32.ActiveCfg = Debug|Win32
		{EAA0224E-D508-49EF-8DE4-1488A7950736}.Debug|Win32.Build.0 = Debug|Win32
		{EAA0224E-D508-49EF-8DE4-1488A7950736}.Release|Win32.ActiveCfg = Release|Win32
		{EAA0224E-D508-49EF-8DE4-1488A7950736}.Release|Win32.Build.0 = Release|Win32
	EndGlobalSection
	GlobalSection(SolutionProperties) = preSolution
		HideSolutionNode = FALSE
	EndGlobalSection
EndGlobal
